// !$*UTF8*$!
{
	archiveVersion = 1;
	classes = {
	};
	objectVersion = 46;
	objects = {

/* Begin PBXBuildFile section */
		29E26B00B249C7CD6F488C25 /* Pods_Nunchakus.framework in Frameworks */ = {isa = PBXBuildFile; fileRef = 0E54E0C97A53054B900189A6 /* Pods_Nunchakus.framework */; };
		2F185BB41E8212B200EDD62B /* EmptyDataView.swift in Sources */ = {isa = PBXBuildFile; fileRef = 2F185BB31E8212B200EDD62B /* EmptyDataView.swift */; };
		2F185BB61E82240F00EDD62B /* API.swift in Sources */ = {isa = PBXBuildFile; fileRef = 2F185BB51E82240F00EDD62B /* API.swift */; };
		2F185BB81E82254F00EDD62B /* Hud.swift in Sources */ = {isa = PBXBuildFile; fileRef = 2F185BB71E82254F00EDD62B /* Hud.swift */; };
		2F185BBA1E8225AD00EDD62B /* PublicTool.swift in Sources */ = {isa = PBXBuildFile; fileRef = 2F185BB91E8225AD00EDD62B /* PublicTool.swift */; };
		2F185BBC1E82271F00EDD62B /* VideoService.swift in Sources */ = {isa = PBXBuildFile; fileRef = 2F185BBB1E82271F00EDD62B /* VideoService.swift */; };
		2F185BC01E824CDF00EDD62B /* SelfieModel.swift in Sources */ = {isa = PBXBuildFile; fileRef = 2F185BBF1E824CDF00EDD62B /* SelfieModel.swift */; };
		2F185BC21E829CF800EDD62B /* BaseModel.swift in Sources */ = {isa = PBXBuildFile; fileRef = 2F185BC11E829CF800EDD62B /* BaseModel.swift */; };
		2F185BC51E829F6800EDD62B /* Observable+Extension.swift in Sources */ = {isa = PBXBuildFile; fileRef = 2F185BC31E829F6800EDD62B /* Observable+Extension.swift */; };
		2F185BC81E82B35D00EDD62B /* VideoCell.swift in Sources */ = {isa = PBXBuildFile; fileRef = 2F185BC71E82B35D00EDD62B /* VideoCell.swift */; };
		2F283AAA1E977BDA00D325D9 /* ProfileViewController.swift in Sources */ = {isa = PBXBuildFile; fileRef = 2F283AA91E977BDA00D325D9 /* ProfileViewController.swift */; };
		2F4087391E83AE68008EF959 /* WebViewController.swift in Sources */ = {isa = PBXBuildFile; fileRef = 2F4087381E83AE68008EF959 /* WebViewController.swift */; };
		2F77C4161E80F1230055D364 /* AppDelegate.swift in Sources */ = {isa = PBXBuildFile; fileRef = 2F77C4151E80F1230055D364 /* AppDelegate.swift */; };
		2F77C4201E80F1230055D364 /* LaunchScreen.storyboard in Resources */ = {isa = PBXBuildFile; fileRef = 2F77C41E1E80F1230055D364 /* LaunchScreen.storyboard */; };
		2F77C42B1E80F1230055D364 /* NunchakusTests.swift in Sources */ = {isa = PBXBuildFile; fileRef = 2F77C42A1E80F1230055D364 /* NunchakusTests.swift */; };
		2F77C4361E80F1230055D364 /* NunchakusUITests.swift in Sources */ = {isa = PBXBuildFile; fileRef = 2F77C4351E80F1230055D364 /* NunchakusUITests.swift */; };
		2F89F9F31E965ED1007C4658 /* NewsContentCell.swift in Sources */ = {isa = PBXBuildFile; fileRef = 2F89F9F21E965ED1007C4658 /* NewsContentCell.swift */; };
		2F962FB01E965CC2005C91DF /* VideoViewController.swift in Sources */ = {isa = PBXBuildFile; fileRef = 2F962FAF1E965CC2005C91DF /* VideoViewController.swift */; };
		2F962FB31E965D30005C91DF /* HeaderView.swift in Sources */ = {isa = PBXBuildFile; fileRef = 2F962FB11E965D30005C91DF /* HeaderView.swift */; };
		2F962FB41E965D30005C91DF /* ContentCollectionView.swift in Sources */ = {isa = PBXBuildFile; fileRef = 2F962FB21E965D30005C91DF /* ContentCollectionView.swift */; };
		2F9E40301E8521350078BE57 /* youku.swift in Sources */ = {isa = PBXBuildFile; fileRef = 2F9E402F1E8521350078BE57 /* youku.swift */; };
		2FC40A7F1E8B839A001C664C /* Assets.xcassets in Resources */ = {isa = PBXBuildFile; fileRef = 2FC40A7E1E8B839A001C664C /* Assets.xcassets */; };
		2FF2228E1E86A8B200D2FBCD /* test.html in Resources */ = {isa = PBXBuildFile; fileRef = 2FF2228B1E86A8B200D2FBCD /* test.html */; };
		2FF2228F1E86A8B200D2FBCD /* jquery-3.1.1.js in Resources */ = {isa = PBXBuildFile; fileRef = 2FF2228C1E86A8B200D2FBCD /* jquery-3.1.1.js */; };
		2FF222901E86A8B200D2FBCD /* requestURL.js in Resources */ = {isa = PBXBuildFile; fileRef = 2FF2228D1E86A8B200D2FBCD /* requestURL.js */; };
		C707A3931E814FA000278E40 /* BaseViewController.swift in Sources */ = {isa = PBXBuildFile; fileRef = C707A3921E814FA000278E40 /* BaseViewController.swift */; };
		C707A3951E814FBC00278E40 /* BaseNavigationController.swift in Sources */ = {isa = PBXBuildFile; fileRef = C707A3941E814FBC00278E40 /* BaseNavigationController.swift */; };
		C707A3981E81504500278E40 /* UIColor-Extension.swift in Sources */ = {isa = PBXBuildFile; fileRef = C707A3961E81504500278E40 /* UIColor-Extension.swift */; };
		C707A3991E81504500278E40 /* UIImage-Extension.swift in Sources */ = {isa = PBXBuildFile; fileRef = C707A3971E81504500278E40 /* UIImage-Extension.swift */; };
		C707A39B1E81530600278E40 /* MainTabBarController.swift in Sources */ = {isa = PBXBuildFile; fileRef = C707A39A1E81530600278E40 /* MainTabBarController.swift */; };
		C707A39D1E81532000278E40 /* SelfieViewController.swift in Sources */ = {isa = PBXBuildFile; fileRef = C707A39C1E81532000278E40 /* SelfieViewController.swift */; };
		C717B0FD1E82C2A600B99D59 /* Common.swift in Sources */ = {isa = PBXBuildFile; fileRef = C717B0FC1E82C2A600B99D59 /* Common.swift */; };
/* End PBXBuildFile section */

/* Begin PBXContainerItemProxy section */
		2F77C4271E80F1230055D364 /* PBXContainerItemProxy */ = {
			isa = PBXContainerItemProxy;
			containerPortal = 2F77C40A1E80F1230055D364 /* Project object */;
			proxyType = 1;
			remoteGlobalIDString = 2F77C4111E80F1230055D364;
			remoteInfo = Nunchakus;
		};
		2F77C4321E80F1230055D364 /* PBXContainerItemProxy */ = {
			isa = PBXContainerItemProxy;
			containerPortal = 2F77C40A1E80F1230055D364 /* Project object */;
			proxyType = 1;
			remoteGlobalIDString = 2F77C4111E80F1230055D364;
			remoteInfo = Nunchakus;
		};
/* End PBXContainerItemProxy section */

/* Begin PBXFileReference section */
		0E54E0C97A53054B900189A6 /* Pods_Nunchakus.framework */ = {isa = PBXFileReference; explicitFileType = wrapper.framework; includeInIndex = 0; path = Pods_Nunchakus.framework; sourceTree = BUILT_PRODUCTS_DIR; };
		2F185BB31E8212B200EDD62B /* EmptyDataView.swift */ = {isa = PBXFileReference; fileEncoding = 4; lastKnownFileType = sourcecode.swift; path = EmptyDataView.swift; sourceTree = "<group>"; };
		2F185BB51E82240F00EDD62B /* API.swift */ = {isa = PBXFileReference; fileEncoding = 4; lastKnownFileType = sourcecode.swift; path = API.swift; sourceTree = "<group>"; };
		2F185BB71E82254F00EDD62B /* Hud.swift */ = {isa = PBXFileReference; fileEncoding = 4; lastKnownFileType = sourcecode.swift; path = Hud.swift; sourceTree = "<group>"; };
		2F185BB91E8225AD00EDD62B /* PublicTool.swift */ = {isa = PBXFileReference; fileEncoding = 4; lastKnownFileType = sourcecode.swift; path = PublicTool.swift; sourceTree = "<group>"; };
		2F185BBB1E82271F00EDD62B /* VideoService.swift */ = {isa = PBXFileReference; fileEncoding = 4; lastKnownFileType = sourcecode.swift; path = VideoService.swift; sourceTree = "<group>"; };
		2F185BBF1E824CDF00EDD62B /* SelfieModel.swift */ = {isa = PBXFileReference; fileEncoding = 4; lastKnownFileType = sourcecode.swift; name = SelfieModel.swift; path = Nunchakus/Nunchakus/Services/SelfieModel.swift; sourceTree = SOURCE_ROOT; };
		2F185BC11E829CF800EDD62B /* BaseModel.swift */ = {isa = PBXFileReference; fileEncoding = 4; lastKnownFileType = sourcecode.swift; name = BaseModel.swift; path = Nunchakus/Nunchakus/Services/BaseModel.swift; sourceTree = SOURCE_ROOT; };
		2F185BC31E829F6800EDD62B /* Observable+Extension.swift */ = {isa = PBXFileReference; fileEncoding = 4; lastKnownFileType = sourcecode.swift; path = "Observable+Extension.swift"; sourceTree = "<group>"; };
		2F185BC71E82B35D00EDD62B /* VideoCell.swift */ = {isa = PBXFileReference; fileEncoding = 4; lastKnownFileType = sourcecode.swift; path = VideoCell.swift; sourceTree = "<group>"; };
		2F283AA91E977BDA00D325D9 /* ProfileViewController.swift */ = {isa = PBXFileReference; fileEncoding = 4; lastKnownFileType = sourcecode.swift; path = ProfileViewController.swift; sourceTree = "<group>"; };
		2F4087381E83AE68008EF959 /* WebViewController.swift */ = {isa = PBXFileReference; fileEncoding = 4; lastKnownFileType = sourcecode.swift; path = WebViewController.swift; sourceTree = "<group>"; };
		2F77C4121E80F1230055D364 /* Nunchakus.app */ = {isa = PBXFileReference; explicitFileType = wrapper.application; includeInIndex = 0; path = Nunchakus.app; sourceTree = BUILT_PRODUCTS_DIR; };
		2F77C4151E80F1230055D364 /* AppDelegate.swift */ = {isa = PBXFileReference; lastKnownFileType = sourcecode.swift; path = AppDelegate.swift; sourceTree = "<group>"; };
		2F77C41F1E80F1230055D364 /* Base */ = {isa = PBXFileReference; lastKnownFileType = file.storyboard; name = Base; path = Base.lproj/LaunchScreen.storyboard; sourceTree = "<group>"; };
		2F77C4211E80F1230055D364 /* Info.plist */ = {isa = PBXFileReference; lastKnownFileType = text.plist.xml; path = Info.plist; sourceTree = "<group>"; };
		2F77C4261E80F1230055D364 /* NunchakusTests.xctest */ = {isa = PBXFileReference; explicitFileType = wrapper.cfbundle; includeInIndex = 0; path = NunchakusTests.xctest; sourceTree = BUILT_PRODUCTS_DIR; };
		2F77C42A1E80F1230055D364 /* NunchakusTests.swift */ = {isa = PBXFileReference; lastKnownFileType = sourcecode.swift; path = NunchakusTests.swift; sourceTree = "<group>"; };
		2F77C42C1E80F1230055D364 /* Info.plist */ = {isa = PBXFileReference; lastKnownFileType = text.plist.xml; path = Info.plist; sourceTree = "<group>"; };
		2F77C4311E80F1230055D364 /* NunchakusUITests.xctest */ = {isa = PBXFileReference; explicitFileType = wrapper.cfbundle; includeInIndex = 0; path = NunchakusUITests.xctest; sourceTree = BUILT_PRODUCTS_DIR; };
		2F77C4351E80F1230055D364 /* NunchakusUITests.swift */ = {isa = PBXFileReference; lastKnownFileType = sourcecode.swift; path = NunchakusUITests.swift; sourceTree = "<group>"; };
		2F77C4371E80F1230055D364 /* Info.plist */ = {isa = PBXFileReference; lastKnownFileType = text.plist.xml; path = Info.plist; sourceTree = "<group>"; };
		2F89F9F21E965ED1007C4658 /* NewsContentCell.swift */ = {isa = PBXFileReference; fileEncoding = 4; lastKnownFileType = sourcecode.swift; path = NewsContentCell.swift; sourceTree = "<group>"; };
		2F962FAF1E965CC2005C91DF /* VideoViewController.swift */ = {isa = PBXFileReference; fileEncoding = 4; lastKnownFileType = sourcecode.swift; path = VideoViewController.swift; sourceTree = "<group>"; };
		2F962FB11E965D30005C91DF /* HeaderView.swift */ = {isa = PBXFileReference; fileEncoding = 4; lastKnownFileType = sourcecode.swift; path = HeaderView.swift; sourceTree = "<group>"; };
		2F962FB21E965D30005C91DF /* ContentCollectionView.swift */ = {isa = PBXFileReference; fileEncoding = 4; lastKnownFileType = sourcecode.swift; path = ContentCollectionView.swift; sourceTree = "<group>"; };
		2F9E402F1E8521350078BE57 /* youku.swift */ = {isa = PBXFileReference; fileEncoding = 4; lastKnownFileType = sourcecode.swift; path = youku.swift; sourceTree = "<group>"; };
		2FC40A7E1E8B839A001C664C /* Assets.xcassets */ = {isa = PBXFileReference; lastKnownFileType = folder.assetcatalog; path = Assets.xcassets; sourceTree = "<group>"; };
		2FF2228B1E86A8B200D2FBCD /* test.html */ = {isa = PBXFileReference; fileEncoding = 4; lastKnownFileType = text.html; path = test.html; sourceTree = "<group>"; };
		2FF2228C1E86A8B200D2FBCD /* jquery-3.1.1.js */ = {isa = PBXFileReference; fileEncoding = 4; lastKnownFileType = sourcecode.javascript; path = "jquery-3.1.1.js"; sourceTree = "<group>"; };
		2FF2228D1E86A8B200D2FBCD /* requestURL.js */ = {isa = PBXFileReference; fileEncoding = 4; lastKnownFileType = sourcecode.javascript; path = requestURL.js; sourceTree = "<group>"; };
		93C39ADC4E74FA06CE9DB69A /* Pods-Nunchakus.release.xcconfig */ = {isa = PBXFileReference; includeInIndex = 1; lastKnownFileType = text.xcconfig; name = "Pods-Nunchakus.release.xcconfig"; path = "Pods/Target Support Files/Pods-Nunchakus/Pods-Nunchakus.release.xcconfig"; sourceTree = "<group>"; };
		C707A3921E814FA000278E40 /* BaseViewController.swift */ = {isa = PBXFileReference; fileEncoding = 4; lastKnownFileType = sourcecode.swift; path = BaseViewController.swift; sourceTree = "<group>"; };
		C707A3941E814FBC00278E40 /* BaseNavigationController.swift */ = {isa = PBXFileReference; fileEncoding = 4; lastKnownFileType = sourcecode.swift; path = BaseNavigationController.swift; sourceTree = "<group>"; };
		C707A3961E81504500278E40 /* UIColor-Extension.swift */ = {isa = PBXFileReference; fileEncoding = 4; lastKnownFileType = sourcecode.swift; path = "UIColor-Extension.swift"; sourceTree = "<group>"; };
		C707A3971E81504500278E40 /* UIImage-Extension.swift */ = {isa = PBXFileReference; fileEncoding = 4; lastKnownFileType = sourcecode.swift; path = "UIImage-Extension.swift"; sourceTree = "<group>"; };
		C707A39A1E81530600278E40 /* MainTabBarController.swift */ = {isa = PBXFileReference; fileEncoding = 4; lastKnownFileType = sourcecode.swift; path = MainTabBarController.swift; sourceTree = "<group>"; };
		C707A39C1E81532000278E40 /* SelfieViewController.swift */ = {isa = PBXFileReference; fileEncoding = 4; lastKnownFileType = sourcecode.swift; path = SelfieViewController.swift; sourceTree = "<group>"; };
		C717B0FC1E82C2A600B99D59 /* Common.swift */ = {isa = PBXFileReference; fileEncoding = 4; lastKnownFileType = sourcecode.swift; path = Common.swift; sourceTree = "<group>"; };
		F5DBD283D48B198A8D6CD32A /* Pods-Nunchakus.debug.xcconfig */ = {isa = PBXFileReference; includeInIndex = 1; lastKnownFileType = text.xcconfig; name = "Pods-Nunchakus.debug.xcconfig"; path = "Pods/Target Support Files/Pods-Nunchakus/Pods-Nunchakus.debug.xcconfig"; sourceTree = "<group>"; };
/* End PBXFileReference section */

/* Begin PBXFrameworksBuildPhase section */
		2F77C40F1E80F1230055D364 /* Frameworks */ = {
			isa = PBXFrameworksBuildPhase;
			buildActionMask = 2147483647;
			files = (
				29E26B00B249C7CD6F488C25 /* Pods_Nunchakus.framework in Frameworks */,
			);
			runOnlyForDeploymentPostprocessing = 0;
		};
		2F77C4231E80F1230055D364 /* Frameworks */ = {
			isa = PBXFrameworksBuildPhase;
			buildActionMask = 2147483647;
			files = (
			);
			runOnlyForDeploymentPostprocessing = 0;
		};
		2F77C42E1E80F1230055D364 /* Frameworks */ = {
			isa = PBXFrameworksBuildPhase;
			buildActionMask = 2147483647;
			files = (
			);
			runOnlyForDeploymentPostprocessing = 0;
		};
/* End PBXFrameworksBuildPhase section */

/* Begin PBXGroup section */
		2F283AA71E977BCA00D325D9 /* Profile */ = {
			isa = PBXGroup;
			children = (
				2F283AA81E977BCA00D325D9 /* ViewController */,
			);
			path = Profile;
			sourceTree = "<group>";
		};
		2F283AA81E977BCA00D325D9 /* ViewController */ = {
			isa = PBXGroup;
			children = (
				2F283AA91E977BDA00D325D9 /* ProfileViewController.swift */,
			);
			path = ViewController;
			sourceTree = "<group>";
		};
		2F77C4091E80F1230055D364 = {
			isa = PBXGroup;
			children = (
				C707A3751E814EE400278E40 /* Nunchakus */,
				2F77C4141E80F1230055D364 /* Nunchakus */,
				2F77C4291E80F1230055D364 /* NunchakusTests */,
				2F77C4341E80F1230055D364 /* NunchakusUITests */,
				2F77C4131E80F1230055D364 /* Products */,
				88BE2B38D6BDBD62E29AD299 /* Pods */,
				A0AB7405D94DB35C2AAD8190 /* Frameworks */,
			);
			sourceTree = "<group>";
		};
		2F77C4131E80F1230055D364 /* Products */ = {
			isa = PBXGroup;
			children = (
				2F77C4121E80F1230055D364 /* Nunchakus.app */,
				2F77C4261E80F1230055D364 /* NunchakusTests.xctest */,
				2F77C4311E80F1230055D364 /* NunchakusUITests.xctest */,
			);
			name = Products;
			sourceTree = "<group>";
		};
		2F77C4141E80F1230055D364 /* Nunchakus */ = {
			isa = PBXGroup;
			children = (
				2F77C4151E80F1230055D364 /* AppDelegate.swift */,
				2FC40A7E1E8B839A001C664C /* Assets.xcassets */,
				2F77C41E1E80F1230055D364 /* LaunchScreen.storyboard */,
				2F77C4211E80F1230055D364 /* Info.plist */,
			);
			path = Nunchakus;
			sourceTree = "<group>";
		};
		2F77C4291E80F1230055D364 /* NunchakusTests */ = {
			isa = PBXGroup;
			children = (
				2F77C42A1E80F1230055D364 /* NunchakusTests.swift */,
				2F77C42C1E80F1230055D364 /* Info.plist */,
			);
			path = NunchakusTests;
			sourceTree = "<group>";
		};
		2F77C4341E80F1230055D364 /* NunchakusUITests */ = {
			isa = PBXGroup;
			children = (
				2F77C4351E80F1230055D364 /* NunchakusUITests.swift */,
				2F77C4371E80F1230055D364 /* Info.plist */,
			);
			path = NunchakusUITests;
			sourceTree = "<group>";
		};
		2FF2228A1E86A89E00D2FBCD /* js */ = {
			isa = PBXGroup;
			children = (
				2FF2228B1E86A8B200D2FBCD /* test.html */,
				2FF2228C1E86A8B200D2FBCD /* jquery-3.1.1.js */,
				2FF2228D1E86A8B200D2FBCD /* requestURL.js */,
			);
			name = js;
			sourceTree = "<group>";
		};
		88BE2B38D6BDBD62E29AD299 /* Pods */ = {
			isa = PBXGroup;
			children = (
				F5DBD283D48B198A8D6CD32A /* Pods-Nunchakus.debug.xcconfig */,
				93C39ADC4E74FA06CE9DB69A /* Pods-Nunchakus.release.xcconfig */,
			);
			name = Pods;
			sourceTree = "<group>";
		};
		A0AB7405D94DB35C2AAD8190 /* Frameworks */ = {
			isa = PBXGroup;
			children = (
				0E54E0C97A53054B900189A6 /* Pods_Nunchakus.framework */,
			);
			name = Frameworks;
			sourceTree = "<group>";
		};
		C707A3751E814EE400278E40 /* Nunchakus */ = {
			isa = PBXGroup;
			children = (
				C707A3761E814EE400278E40 /* Base */,
				C707A37A1E814EE400278E40 /* Main */,
				C707A37E1E814EE400278E40 /* Selfie */,
				2F283AA71E977BCA00D325D9 /* Profile */,
				C707A3821E814EE400278E40 /* Services */,
				C707A38E1E814EE400278E40 /* Utils */,
			);
			name = Nunchakus;
			path = Nunchakus/Nunchakus;
			sourceTree = "<group>";
		};
		C707A3761E814EE400278E40 /* Base */ = {
			isa = PBXGroup;
			children = (
				C707A3771E814EE400278E40 /* Model */,
				C707A3781E814EE400278E40 /* ViewController */,
				C707A3791E814EE400278E40 /* ViewModel */,
			);
			path = Base;
			sourceTree = "<group>";
		};
		C707A3771E814EE400278E40 /* Model */ = {
			isa = PBXGroup;
			children = (
				2F185BC11E829CF800EDD62B /* BaseModel.swift */,
			);
			path = Model;
			sourceTree = "<group>";
		};
		C707A3781E814EE400278E40 /* ViewController */ = {
			isa = PBXGroup;
			children = (
				C707A3921E814FA000278E40 /* BaseViewController.swift */,
				C707A3941E814FBC00278E40 /* BaseNavigationController.swift */,
				2F185BB31E8212B200EDD62B /* EmptyDataView.swift */,
			);
			path = ViewController;
			sourceTree = "<group>";
		};
		C707A3791E814EE400278E40 /* ViewModel */ = {
			isa = PBXGroup;
			children = (
			);
			path = ViewModel;
			sourceTree = "<group>";
		};
		C707A37A1E814EE400278E40 /* Main */ = {
			isa = PBXGroup;
			children = (
				C707A37B1E814EE400278E40 /* Model */,
				C707A37C1E814EE400278E40 /* ViewController */,
				C707A37D1E814EE400278E40 /* ViewModel */,
			);
			path = Main;
			sourceTree = "<group>";
		};
		C707A37B1E814EE400278E40 /* Model */ = {
			isa = PBXGroup;
			children = (
			);
			path = Model;
			sourceTree = "<group>";
		};
		C707A37C1E814EE400278E40 /* ViewController */ = {
			isa = PBXGroup;
			children = (
				C707A39A1E81530600278E40 /* MainTabBarController.swift */,
			);
			path = ViewController;
			sourceTree = "<group>";
		};
		C707A37D1E814EE400278E40 /* ViewModel */ = {
			isa = PBXGroup;
			children = (
			);
			path = ViewModel;
			sourceTree = "<group>";
		};
		C707A37E1E814EE400278E40 /* Selfie */ = {
			isa = PBXGroup;
			children = (
				2FF2228A1E86A89E00D2FBCD /* js */,
				C707A37F1E814EE400278E40 /* Model */,
				C707A3801E814EE400278E40 /* ViewController */,
				C707A3811E814EE400278E40 /* ViewModel */,
			);
			path = Selfie;
			sourceTree = "<group>";
		};
		C707A37F1E814EE400278E40 /* Model */ = {
			isa = PBXGroup;
			children = (
				2F185BBF1E824CDF00EDD62B /* SelfieModel.swift */,
			);
			path = Model;
			sourceTree = "<group>";
		};
		C707A3801E814EE400278E40 /* ViewController */ = {
			isa = PBXGroup;
			children = (
				C707A39C1E81532000278E40 /* SelfieViewController.swift */,
				2F4087381E83AE68008EF959 /* WebViewController.swift */,
				2F185BC71E82B35D00EDD62B /* VideoCell.swift */,
				2F962FAF1E965CC2005C91DF /* VideoViewController.swift */,
				2F962FB11E965D30005C91DF /* HeaderView.swift */,
				2F962FB21E965D30005C91DF /* ContentCollectionView.swift */,
				2F89F9F21E965ED1007C4658 /* NewsContentCell.swift */,
			);
			path = ViewController;
			sourceTree = "<group>";
		};
		C707A3811E814EE400278E40 /* ViewModel */ = {
			isa = PBXGroup;
			children = (
			);
			path = ViewModel;
			sourceTree = "<group>";
		};
		C707A3821E814EE400278E40 /* Services */ = {
			isa = PBXGroup;
			children = (
				2F185BB51E82240F00EDD62B /* API.swift */,
				2F185BBB1E82271F00EDD62B /* VideoService.swift */,
				C707A3831E814EE400278E40 /* Model */,
				C707A3841E814EE400278E40 /* ViewController */,
				C707A3851E814EE400278E40 /* ViewModel */,
			);
			path = Services;
			sourceTree = "<group>";
		};
		C707A3831E814EE400278E40 /* Model */ = {
			isa = PBXGroup;
			children = (
			);
			path = Model;
			sourceTree = "<group>";
		};
		C707A3841E814EE400278E40 /* ViewController */ = {
			isa = PBXGroup;
			children = (
			);
			path = ViewController;
			sourceTree = "<group>";
		};
		C707A3851E814EE400278E40 /* ViewModel */ = {
			isa = PBXGroup;
			children = (
			);
			path = ViewModel;
			sourceTree = "<group>";
		};
		C707A38E1E814EE400278E40 /* Utils */ = {
			isa = PBXGroup;
			children = (
				2F185BB71E82254F00EDD62B /* Hud.swift */,
				2F185BB91E8225AD00EDD62B /* PublicTool.swift */,
				C707A38F1E814EE400278E40 /* Category */,
				C707A3901E814EE400278E40 /* ViewController */,
				C707A3911E814EE400278E40 /* ViewModel */,
				C717B0FC1E82C2A600B99D59 /* Common.swift */,
				2F9E402F1E8521350078BE57 /* youku.swift */,
			);
			path = Utils;
			sourceTree = "<group>";
		};
		C707A38F1E814EE400278E40 /* Category */ = {
			isa = PBXGroup;
			children = (
				2F185BC31E829F6800EDD62B /* Observable+Extension.swift */,
				C707A3961E81504500278E40 /* UIColor-Extension.swift */,
				C707A3971E81504500278E40 /* UIImage-Extension.swift */,
			);
			name = Category;
			path = Model;
			sourceTree = "<group>";
		};
		C707A3901E814EE400278E40 /* ViewController */ = {
			isa = PBXGroup;
			children = (
			);
			path = ViewController;
			sourceTree = "<group>";
		};
		C707A3911E814EE400278E40 /* ViewModel */ = {
			isa = PBXGroup;
			children = (
			);
			path = ViewModel;
			sourceTree = "<group>";
		};
/* End PBXGroup section */

/* Begin PBXNativeTarget section */
		2F77C4111E80F1230055D364 /* Nunchakus */ = {
			isa = PBXNativeTarget;
			buildConfigurationList = 2F77C43A1E80F1230055D364 /* Build configuration list for PBXNativeTarget "Nunchakus" */;
			buildPhases = (
				D4DF3F013F495F9162102F7A /* [CP] Check Pods Manifest.lock */,
				2F77C40E1E80F1230055D364 /* Sources */,
				2F77C40F1E80F1230055D364 /* Frameworks */,
				2F77C4101E80F1230055D364 /* Resources */,
				788A6D865A3CF771DAD3C434 /* [CP] Embed Pods Frameworks */,
				1CE8AEB2EDBDA6D147B7FD9E /* [CP] Copy Pods Resources */,
			);
			buildRules = (
			);
			dependencies = (
			);
			name = Nunchakus;
			productName = Nunchakus;
			productReference = 2F77C4121E80F1230055D364 /* Nunchakus.app */;
			productType = "com.apple.product-type.application";
		};
		2F77C4251E80F1230055D364 /* NunchakusTests */ = {
			isa = PBXNativeTarget;
			buildConfigurationList = 2F77C43D1E80F1230055D364 /* Build configuration list for PBXNativeTarget "NunchakusTests" */;
			buildPhases = (
				2F77C4221E80F1230055D364 /* Sources */,
				2F77C4231E80F1230055D364 /* Frameworks */,
				2F77C4241E80F1230055D364 /* Resources */,
			);
			buildRules = (
			);
			dependencies = (
				2F77C4281E80F1230055D364 /* PBXTargetDependency */,
			);
			name = NunchakusTests;
			productName = NunchakusTests;
			productReference = 2F77C4261E80F1230055D364 /* NunchakusTests.xctest */;
			productType = "com.apple.product-type.bundle.unit-test";
		};
		2F77C4301E80F1230055D364 /* NunchakusUITests */ = {
			isa = PBXNativeTarget;
			buildConfigurationList = 2F77C4401E80F1230055D364 /* Build configuration list for PBXNativeTarget "NunchakusUITests" */;
			buildPhases = (
				2F77C42D1E80F1230055D364 /* Sources */,
				2F77C42E1E80F1230055D364 /* Frameworks */,
				2F77C42F1E80F1230055D364 /* Resources */,
			);
			buildRules = (
			);
			dependencies = (
				2F77C4331E80F1230055D364 /* PBXTargetDependency */,
			);
			name = NunchakusUITests;
			productName = NunchakusUITests;
			productReference = 2F77C4311E80F1230055D364 /* NunchakusUITests.xctest */;
			productType = "com.apple.product-type.bundle.ui-testing";
		};
/* End PBXNativeTarget section */

/* Begin PBXProject section */
		2F77C40A1E80F1230055D364 /* Project object */ = {
			isa = PBXProject;
			attributes = {
				LastSwiftUpdateCheck = 0820;
				LastUpgradeCheck = 0820;
				ORGANIZATIONNAME = sungrow;
				TargetAttributes = {
					2F77C4111E80F1230055D364 = {
						CreatedOnToolsVersion = 8.2;
						DevelopmentTeam = FTYJBY2LP3;
						ProvisioningStyle = Automatic;
					};
					2F77C4251E80F1230055D364 = {
						CreatedOnToolsVersion = 8.2;
						ProvisioningStyle = Automatic;
						TestTargetID = 2F77C4111E80F1230055D364;
					};
					2F77C4301E80F1230055D364 = {
						CreatedOnToolsVersion = 8.2;
						ProvisioningStyle = Automatic;
						TestTargetID = 2F77C4111E80F1230055D364;
					};
				};
			};
			buildConfigurationList = 2F77C40D1E80F1230055D364 /* Build configuration list for PBXProject "Nunchakus" */;
			compatibilityVersion = "Xcode 3.2";
			developmentRegion = English;
			hasScannedForEncodings = 0;
			knownRegions = (
				en,
				Base,
			);
			mainGroup = 2F77C4091E80F1230055D364;
			productRefGroup = 2F77C4131E80F1230055D364 /* Products */;
			projectDirPath = "";
			projectRoot = "";
			targets = (
				2F77C4111E80F1230055D364 /* Nunchakus */,
				2F77C4251E80F1230055D364 /* NunchakusTests */,
				2F77C4301E80F1230055D364 /* NunchakusUITests */,
			);
		};
/* End PBXProject section */

/* Begin PBXResourcesBuildPhase section */
		2F77C4101E80F1230055D364 /* Resources */ = {
			isa = PBXResourcesBuildPhase;
			buildActionMask = 2147483647;
			files = (
				2FF2228F1E86A8B200D2FBCD /* jquery-3.1.1.js in Resources */,
				2FF2228E1E86A8B200D2FBCD /* test.html in Resources */,
				2FF222901E86A8B200D2FBCD /* requestURL.js in Resources */,
				2F77C4201E80F1230055D364 /* LaunchScreen.storyboard in Resources */,
				2FC40A7F1E8B839A001C664C /* Assets.xcassets in Resources */,
			);
			runOnlyForDeploymentPostprocessing = 0;
		};
		2F77C4241E80F1230055D364 /* Resources */ = {
			isa = PBXResourcesBuildPhase;
			buildActionMask = 2147483647;
			files = (
			);
			runOnlyForDeploymentPostprocessing = 0;
		};
		2F77C42F1E80F1230055D364 /* Resources */ = {
			isa = PBXResourcesBuildPhase;
			buildActionMask = 2147483647;
			files = (
			);
			runOnlyForDeploymentPostprocessing = 0;
		};
/* End PBXResourcesBuildPhase section */

/* Begin PBXShellScriptBuildPhase section */
		1CE8AEB2EDBDA6D147B7FD9E /* [CP] Copy Pods Resources */ = {
			isa = PBXShellScriptBuildPhase;
			buildActionMask = 2147483647;
			files = (
			);
			inputPaths = (
			);
			name = "[CP] Copy Pods Resources";
			outputPaths = (
			);
			runOnlyForDeploymentPostprocessing = 0;
			shellPath = /bin/sh;
			shellScript = "\"${SRCROOT}/Pods/Target Support Files/Pods-Nunchakus/Pods-Nunchakus-resources.sh\"\n";
			showEnvVarsInLog = 0;
		};
		788A6D865A3CF771DAD3C434 /* [CP] Embed Pods Frameworks */ = {
			isa = PBXShellScriptBuildPhase;
			buildActionMask = 2147483647;
			files = (
			);
			inputPaths = (
			);
			name = "[CP] Embed Pods Frameworks";
			outputPaths = (
			);
			runOnlyForDeploymentPostprocessing = 0;
			shellPath = /bin/sh;
			shellScript = "\"${SRCROOT}/Pods/Target Support Files/Pods-Nunchakus/Pods-Nunchakus-frameworks.sh\"\n";
			showEnvVarsInLog = 0;
		};
		D4DF3F013F495F9162102F7A /* [CP] Check Pods Manifest.lock */ = {
			isa = PBXShellScriptBuildPhase;
			buildActionMask = 2147483647;
			files = (
			);
			inputPaths = (
			);
			name = "[CP] Check Pods Manifest.lock";
			outputPaths = (
			);
			runOnlyForDeploymentPostprocessing = 0;
			shellPath = /bin/sh;
			shellScript = "diff \"${PODS_ROOT}/../Podfile.lock\" \"${PODS_ROOT}/Manifest.lock\" > /dev/null\nif [ $? != 0 ] ; then\n    # print error to STDERR\n    echo \"error: The sandbox is not in sync with the Podfile.lock. Run 'pod install' or update your CocoaPods installation.\" >&2\n    exit 1\nfi\n";
			showEnvVarsInLog = 0;
		};
/* End PBXShellScriptBuildPhase section */

/* Begin PBXSourcesBuildPhase section */
		2F77C40E1E80F1230055D364 /* Sources */ = {
			isa = PBXSourcesBuildPhase;
			buildActionMask = 2147483647;
			files = (
				2F185BB61E82240F00EDD62B /* API.swift in Sources */,
				2F77C4161E80F1230055D364 /* AppDelegate.swift in Sources */,
				C707A3981E81504500278E40 /* UIColor-Extension.swift in Sources */,
				2F4087391E83AE68008EF959 /* WebViewController.swift in Sources */,
				C707A39D1E81532000278E40 /* SelfieViewController.swift in Sources */,
				2F185BC01E824CDF00EDD62B /* SelfieModel.swift in Sources */,
				2F283AAA1E977BDA00D325D9 /* ProfileViewController.swift in Sources */,
				2F185BC21E829CF800EDD62B /* BaseModel.swift in Sources */,
				2F9E40301E8521350078BE57 /* youku.swift in Sources */,
				2F185BB81E82254F00EDD62B /* Hud.swift in Sources */,
				C707A39B1E81530600278E40 /* MainTabBarController.swift in Sources */,
				2F962FB41E965D30005C91DF /* ContentCollectionView.swift in Sources */,
				2F185BC51E829F6800EDD62B /* Observable+Extension.swift in Sources */,
				2F185BBA1E8225AD00EDD62B /* PublicTool.swift in Sources */,
				2F185BC81E82B35D00EDD62B /* VideoCell.swift in Sources */,
				2F962FB31E965D30005C91DF /* HeaderView.swift in Sources */,
				C707A3931E814FA000278E40 /* BaseViewController.swift in Sources */,
				2F89F9F31E965ED1007C4658 /* NewsContentCell.swift in Sources */,
				2F185BB41E8212B200EDD62B /* EmptyDataView.swift in Sources */,
				C707A3951E814FBC00278E40 /* BaseNavigationController.swift in Sources */,
				C717B0FD1E82C2A600B99D59 /* Common.swift in Sources */,
				2F185BBC1E82271F00EDD62B /* VideoService.swift in Sources */,
				2F962FB01E965CC2005C91DF /* VideoViewController.swift in Sources */,
				C707A3991E81504500278E40 /* UIImage-Extension.swift in Sources */,
			);
			runOnlyForDeploymentPostprocessing = 0;
		};
		2F77C4221E80F1230055D364 /* Sources */ = {
			isa = PBXSourcesBuildPhase;
			buildActionMask = 2147483647;
			files = (
				2F77C42B1E80F1230055D364 /* NunchakusTests.swift in Sources */,
			);
			runOnlyForDeploymentPostprocessing = 0;
		};
		2F77C42D1E80F1230055D364 /* Sources */ = {
			isa = PBXSourcesBuildPhase;
			buildActionMask = 2147483647;
			files = (
				2F77C4361E80F1230055D364 /* NunchakusUITests.swift in Sources */,
			);
			runOnlyForDeploymentPostprocessing = 0;
		};
/* End PBXSourcesBuildPhase section */

/* Begin PBXTargetDependency section */
		2F77C4281E80F1230055D364 /* PBXTargetDependency */ = {
			isa = PBXTargetDependency;
			target = 2F77C4111E80F1230055D364 /* Nunchakus */;
			targetProxy = 2F77C4271E80F1230055D364 /* PBXContainerItemProxy */;
		};
		2F77C4331E80F1230055D364 /* PBXTargetDependency */ = {
			isa = PBXTargetDependency;
			target = 2F77C4111E80F1230055D364 /* Nunchakus */;
			targetProxy = 2F77C4321E80F1230055D364 /* PBXContainerItemProxy */;
		};
/* End PBXTargetDependency section */

/* Begin PBXVariantGroup section */
		2F77C41E1E80F1230055D364 /* LaunchScreen.storyboard */ = {
			isa = PBXVariantGroup;
			children = (
				2F77C41F1E80F1230055D364 /* Base */,
			);
			name = LaunchScreen.storyboard;
			sourceTree = "<group>";
		};
/* End PBXVariantGroup section */

/* Begin XCBuildConfiguration section */
		2F77C4381E80F1230055D364 /* Debug */ = {
			isa = XCBuildConfiguration;
			buildSettings = {
				ALWAYS_SEARCH_USER_PATHS = NO;
				CLANG_ANALYZER_NONNULL = YES;
				CLANG_CXX_LANGUAGE_STANDARD = "gnu++0x";
				CLANG_CXX_LIBRARY = "libc++";
				CLANG_ENABLE_MODULES = YES;
				CLANG_ENABLE_OBJC_ARC = YES;
				CLANG_WARN_BOOL_CONVERSION = YES;
				CLANG_WARN_CONSTANT_CONVERSION = YES;
				CLANG_WARN_DIRECT_OBJC_ISA_USAGE = YES_ERROR;
				CLANG_WARN_DOCUMENTATION_COMMENTS = YES;
				CLANG_WARN_EMPTY_BODY = YES;
				CLANG_WARN_ENUM_CONVERSION = YES;
				CLANG_WARN_INFINITE_RECURSION = YES;
				CLANG_WARN_INT_CONVERSION = YES;
				CLANG_WARN_OBJC_ROOT_CLASS = YES_ERROR;
				CLANG_WARN_SUSPICIOUS_MOVE = YES;
				CLANG_WARN_UNREACHABLE_CODE = YES;
				CLANG_WARN__DUPLICATE_METHOD_MATCH = YES;
				"CODE_SIGN_IDENTITY[sdk=iphoneos*]" = "iPhone Developer";
				COPY_PHASE_STRIP = NO;
				DEBUG_INFORMATION_FORMAT = dwarf;
				ENABLE_STRICT_OBJC_MSGSEND = YES;
				ENABLE_TESTABILITY = YES;
				GCC_C_LANGUAGE_STANDARD = gnu99;
				GCC_DYNAMIC_NO_PIC = NO;
				GCC_NO_COMMON_BLOCKS = YES;
				GCC_OPTIMIZATION_LEVEL = 0;
				GCC_PREPROCESSOR_DEFINITIONS = (
					"DEBUG=1",
					"$(inherited)",
				);
				GCC_WARN_64_TO_32_BIT_CONVERSION = YES;
				GCC_WARN_ABOUT_RETURN_TYPE = YES_ERROR;
				GCC_WARN_UNDECLARED_SELECTOR = YES;
				GCC_WARN_UNINITIALIZED_AUTOS = YES_AGGRESSIVE;
				GCC_WARN_UNUSED_FUNCTION = YES;
				GCC_WARN_UNUSED_VARIABLE = YES;
				IPHONEOS_DEPLOYMENT_TARGET = 10.2;
				MTL_ENABLE_DEBUG_INFO = YES;
				ONLY_ACTIVE_ARCH = YES;
				SDKROOT = iphoneos;
				SWIFT_ACTIVE_COMPILATION_CONDITIONS = DEBUG;
				SWIFT_OPTIMIZATION_LEVEL = "-Onone";
				TARGETED_DEVICE_FAMILY = "1,2";
			};
			name = Debug;
		};
		2F77C4391E80F1230055D364 /* Release */ = {
			isa = XCBuildConfiguration;
			buildSettings = {
				ALWAYS_SEARCH_USER_PATHS = NO;
				CLANG_ANALYZER_NONNULL = YES;
				CLANG_CXX_LANGUAGE_STANDARD = "gnu++0x";
				CLANG_CXX_LIBRARY = "libc++";
				CLANG_ENABLE_MODULES = YES;
				CLANG_ENABLE_OBJC_ARC = YES;
				CLANG_WARN_BOOL_CONVERSION = YES;
				CLANG_WARN_CONSTANT_CONVERSION = YES;
				CLANG_WARN_DIRECT_OBJC_ISA_USAGE = YES_ERROR;
				CLANG_WARN_DOCUMENTATION_COMMENTS = YES;
				CLANG_WARN_EMPTY_BODY = YES;
				CLANG_WARN_ENUM_CONVERSION = YES;
				CLANG_WARN_INFINITE_RECURSION = YES;
				CLANG_WARN_INT_CONVERSION = YES;
				CLANG_WARN_OBJC_ROOT_CLASS = YES_ERROR;
				CLANG_WARN_SUSPICIOUS_MOVE = YES;
				CLANG_WARN_UNREACHABLE_CODE = YES;
				CLANG_WARN__DUPLICATE_METHOD_MATCH = YES;
				"CODE_SIGN_IDENTITY[sdk=iphoneos*]" = "iPhone Developer";
				COPY_PHASE_STRIP = NO;
				DEBUG_INFORMATION_FORMAT = "dwarf-with-dsym";
				ENABLE_NS_ASSERTIONS = NO;
				ENABLE_STRICT_OBJC_MSGSEND = YES;
				GCC_C_LANGUAGE_STANDARD = gnu99;
				GCC_NO_COMMON_BLOCKS = YES;
				GCC_WARN_64_TO_32_BIT_CONVERSION = YES;
				GCC_WARN_ABOUT_RETURN_TYPE = YES_ERROR;
				GCC_WARN_UNDECLARED_SELECTOR = YES;
				GCC_WARN_UNINITIALIZED_AUTOS = YES_AGGRESSIVE;
				GCC_WARN_UNUSED_FUNCTION = YES;
				GCC_WARN_UNUSED_VARIABLE = YES;
				IPHONEOS_DEPLOYMENT_TARGET = 10.2;
				MTL_ENABLE_DEBUG_INFO = NO;
				SDKROOT = iphoneos;
				SWIFT_OPTIMIZATION_LEVEL = "-Owholemodule";
				TARGETED_DEVICE_FAMILY = "1,2";
				VALIDATE_PRODUCT = YES;
			};
			name = Release;
		};
		2F77C43B1E80F1230055D364 /* Debug */ = {
			isa = XCBuildConfiguration;
			baseConfigurationReference = F5DBD283D48B198A8D6CD32A /* Pods-Nunchakus.debug.xcconfig */;
			buildSettings = {
				ASSETCATALOG_COMPILER_APPICON_NAME = AppIcon;
				ASSETCATALOG_COMPILER_LAUNCHIMAGE_NAME = LaunchImage;
				"CODE_SIGN_IDENTITY[sdk=iphoneos*]" = "iPhone Developer";
				DEVELOPMENT_TEAM = FTYJBY2LP3;
				INFOPLIST_FILE = Nunchakus/Info.plist;
				LD_RUNPATH_SEARCH_PATHS = "$(inherited) @executable_path/Frameworks";
				PRODUCT_BUNDLE_IDENTIFIER = sungrow.com.Nunchakus;
				PRODUCT_NAME = "$(TARGET_NAME)";
				PROVISIONING_PROFILE = "";
				PROVISIONING_PROFILE_SPECIFIER = "";
				SWIFT_VERSION = 3.0;
			};
			name = Debug;
		};
		2F77C43C1E80F1230055D364 /* Release */ = {
			isa = XCBuildConfiguration;
			baseConfigurationReference = 93C39ADC4E74FA06CE9DB69A /* Pods-Nunchakus.release.xcconfig */;
			buildSettings = {
				ASSETCATALOG_COMPILER_APPICON_NAME = AppIcon;
				ASSETCATALOG_COMPILER_LAUNCHIMAGE_NAME = LaunchImage;
				"CODE_SIGN_IDENTITY[sdk=iphoneos*]" = "iPhone Developer";
				DEVELOPMENT_TEAM = FTYJBY2LP3;
				INFOPLIST_FILE = Nunchakus/Info.plist;
				LD_RUNPATH_SEARCH_PATHS = "$(inherited) @executable_path/Frameworks";
				PRODUCT_BUNDLE_IDENTIFIER = sungrow.com.Nunchakus;
				PRODUCT_NAME = "$(TARGET_NAME)";
				PROVISIONING_PROFILE = "";
				PROVISIONING_PROFILE_SPECIFIER = "";
				SWIFT_VERSION = 3.0;
			};
			name = Release;
		};
		2F77C43E1E80F1230055D364 /* Debug */ = {
			isa = XCBuildConfiguration;
			buildSettings = {
				ALWAYS_EMBED_SWIFT_STANDARD_LIBRARIES = YES;
				BUNDLE_LOADER = "$(TEST_HOST)";
				INFOPLIST_FILE = NunchakusTests/Info.plist;
				LD_RUNPATH_SEARCH_PATHS = "$(inherited) @executable_path/Frameworks @loader_path/Frameworks";
				PRODUCT_BUNDLE_IDENTIFIER = sungrow.com.NunchakusTests;
				PRODUCT_NAME = "$(TARGET_NAME)";
				SWIFT_VERSION = 3.0;
				TEST_HOST = "$(BUILT_PRODUCTS_DIR)/Nunchakus.app/Nunchakus";
			};
			name = Debug;
		};
		2F77C43F1E80F1230055D364 /* Release */ = {
			isa = XCBuildConfiguration;
			buildSettings = {
				ALWAYS_EMBED_SWIFT_STANDARD_LIBRARIES = YES;
				BUNDLE_LOADER = "$(TEST_HOST)";
				INFOPLIST_FILE = NunchakusTests/Info.plist;
				LD_RUNPATH_SEARCH_PATHS = "$(inherited) @executable_path/Frameworks @loader_path/Frameworks";
				PRODUCT_BUNDLE_IDENTIFIER = sungrow.com.NunchakusTests;
				PRODUCT_NAME = "$(TARGET_NAME)";
				SWIFT_VERSION = 3.0;
				TEST_HOST = "$(BUILT_PRODUCTS_DIR)/Nunchakus.app/Nunchakus";
			};
			name = Release;
		};
		2F77C4411E80F1230055D364 /* Debug */ = {
			isa = XCBuildConfiguration;
			buildSettings = {
				ALWAYS_EMBED_SWIFT_STANDARD_LIBRARIES = YES;
				INFOPLIST_FILE = NunchakusUITests/Info.plist;
				LD_RUNPATH_SEARCH_PATHS = "$(inherited) @executable_path/Frameworks @loader_path/Frameworks";
				PRODUCT_BUNDLE_IDENTIFIER = sungrow.com.NunchakusUITests;
				PRODUCT_NAME = "$(TARGET_NAME)";
				SWIFT_VERSION = 3.0;
				TEST_TARGET_NAME = Nunchakus;
			};
			name = Debug;
		};
		2F77C4421E80F1230055D364 /* Release */ = {
			isa = XCBuildConfiguration;
			buildSettings = {
				ALWAYS_EMBED_SWIFT_STANDARD_LIBRARIES = YES;
				INFOPLIST_FILE = NunchakusUITests/Info.plist;
				LD_RUNPATH_SEARCH_PATHS = "$(inherited) @executable_path/Frameworks @loader_path/Frameworks";
				PRODUCT_BUNDLE_IDENTIFIER = sungrow.com.NunchakusUITests;
				PRODUCT_NAME = "$(TARGET_NAME)";
				SWIFT_VERSION = 3.0;
				TEST_TARGET_NAME = Nunchakus;
			};
			name = Release;
		};
/* End XCBuildConfiguration section */

/* Begin XCConfigurationList section */
		2F77C40D1E80F1230055D364 /* Build configuration list for PBXProject "Nunchakus" */ = {
			isa = XCConfigurationList;
			buildConfigurations = (
				2F77C4381E80F1230055D364 /* Debug */,
				2F77C4391E80F1230055D364 /* Release */,
			);
			defaultConfigurationIsVisible = 0;
			defaultConfigurationName = Release;
		};
		2F77C43A1E80F1230055D364 /* Build configuration list for PBXNativeTarget "Nunchakus" */ = {
			isa = XCConfigurationList;
			buildConfigurations = (
				2F77C43B1E80F1230055D364 /* Debug */,
				2F77C43C1E80F1230055D364 /* Release */,
			);
			defaultConfigurationIsVisible = 0;
			defaultConfigurationName = Release;
		};
		2F77C43D1E80F1230055D364 /* Build configuration list for PBXNativeTarget "NunchakusTests" */ = {
			isa = XCConfigurationList;
			buildConfigurations = (
				2F77C43E1E80F1230055D364 /* Debug */,
				2F77C43F1E80F1230055D364 /* Release */,
			);
			defaultConfigurationIsVisible = 0;
			defaultConfigurationName = Release;
		};
		2F77C4401E80F1230055D364 /* Build configuration list for PBXNativeTarget "NunchakusUITests" */ = {
			isa = XCConfigurationList;
			buildConfigurations = (
				2F77C4411E80F1230055D364 /* Debug */,
				2F77C4421E80F1230055D364 /* Release */,
			);
			defaultConfigurationIsVisible = 0;
			defaultConfigurationName = Release;
		};
/* End XCConfigurationList section */
	};
	rootObject = 2F77C40A1E80F1230055D364 /* Project object */;
}
